
Microsoft Visual Studio Solution File, Format Version 12.00
# Visual Studio Version 16
VisualStudioVersion = 16.0.29215.179
MinimumVisualStudioVersion = 10.0.40219.1
Project("{FAE04EC0-301F-11D3-BF4B-00C04F79EFBC}") = "Sheet3", "Sheet3\Sheet3.csproj", "{02E9D686-EC90-4F5A-8978-94E283CE1BCD}"
EndProject
Project("{FAE04EC0-301F-11D3-BF4B-00C04F79EFBC}") = "Entities", "Entities\Entities.csproj", "{08860AB9-3F01-4CB9-9E57-95CFCBA7DEB4}"
EndProject
Project("{FAE04EC0-301F-11D3-BF4B-00C04F79EFBC}") = "ContactBAL", "ContactBAL\ContactBAL.csproj", "{087861B8-5C42-4255-966E-0F89C26F02F4}"
EndProject
Project("{FAE04EC0-301F-11D3-BF4B-00C04F79EFBC}") = "DAL", "DAL\DAL.csproj", "{5390647F-6077-4E51-8EDE-473F850BCD22}"
EndProject
Global
	GlobalSection(SolutionConfigurationPlatforms) = preSolution
		Debug|Any CPU = Debug|Any CPU
		Release|Any CPU = Release|Any CPU
	EndGlobalSection
	GlobalSection(ProjectConfigurationPlatforms) = postSolution
		{02E9D686-EC90-4F5A-8978-94E283CE1BCD}.Debug|Any CPU.ActiveCfg = Debug|Any CPU
		{02E9D686-EC90-4F5A-8978-94E283CE1BCD}.Debug|Any CPU.Build.0 = Debug|Any CPU
		{02E9D686-EC90-4F5A-8978-94E283CE1BCD}.Release|Any CPU.ActiveCfg = Release|Any CPU
		{02E9D686-EC90-4F5A-8978-94E283CE1BCD}.Release|Any CPU.Build.0 = Release|Any CPU
		{08860AB9-3F01-4CB9-9E57-95CFCBA7DEB4}.Debug|Any CPU.ActiveCfg = Debug|Any CPU
		{08860AB9-3F01-4CB9-9E57-95CFCBA7DEB4}.Debug|Any CPU.Build.0 = Debug|Any CPU
		{08860AB9-3F01-4CB9-9E57-95CFCBA7DEB4}.Release|Any CPU.ActiveCfg = Release|Any CPU
		{08860AB9-3F01-4CB9-9E57-95CFCBA7DEB4}.Release|Any CPU.Build.0 = Release|Any CPU
		{087861B8-5C42-4255-966E-0F89C26F02F4}.Debug|Any CPU.ActiveCfg = Debug|Any CPU
		{087861B8-5C42-4255-966E-0F89C26F02F4}.Debug|Any CPU.Build.0 = Debug|Any CPU
		{087861B8-5C42-4255-966E-0F89C26F02F4}.Release|Any CPU.ActiveCfg = Release|Any CPU
		{087861B8-5C42-4255-966E-0F89C26F02F4}.Release|Any CPU.Build.0 = Release|Any CPU
		{5390647F-6077-4E51-8EDE-473F850BCD22}.Debug|Any CPU.ActiveCfg = Debug|Any CPU
		{5390647F-6077-4E51-8EDE-473F850BCD22}.Debug|Any CPU.Build.0 = Debug|Any CPU
		{5390647F-6077-4E51-8EDE-473F850BCD22}.Release|Any CPU.ActiveCfg = Release|Any CPU
		{5390647F-6077-4E51-8EDE-473F850BCD22}.Release|Any CPU.Build.0 = Release|Any CPU
	EndGlobalSection
	GlobalSection(SolutionProperties) = preSolution
		HideSolutionNode = FALSE
	EndGlobalSection
	GlobalSection(ExtensibilityGlobals) = postSolution
		SolutionGuid = {72EE6FBC-6876-45D6-BF34-E58F869A70DC}
	EndGlobalSection
EndGlobal
